<?xml version="1.0" encoding="utf-8"?>
<Project ToolsVersion="4.0" xmlns="http://schemas.microsoft.com/developer/msbuild/2003">
  <ItemGroup>
    <ClCompile Include="..\src\ships.cpp" />
    <ClCompile Include="..\src\engine\engine.cpp">
      <Filter>engine</Filter>
    </ClCompile>
    <ClCompile Include="..\src\engine\opengl.cpp">
      <Filter>engine</Filter>
    </ClCompile>
    <ClCompile Include="..\src\engine\kisslib\allocator.cpp">
      <Filter>engine</Filter>
    </ClCompile>
    <ClCompile Include="..\src\engine\kisslib\collision.cpp">
      <Filter>engine</Filter>
    </ClCompile>
    <ClCompile Include="..\src\engine\kisslib\file_io.cpp">
      <Filter>engine</Filter>
    </ClCompile>
    <ClCompile Include="..\src\engine\kisslib\random.cpp">
      <Filter>engine</Filter>
    </ClCompile>
    <ClCompile Include="..\src\engine\kisslib\read_directory.cpp">
      <Filter>engine</Filter>
    </ClCompile>
    <ClCompile Include="..\src\engine\kisslib\stb_image.cpp">
      <Filter>engine</Filter>
    </ClCompile>
    <ClCompile Include="..\src\engine\kisslib\stb_image_write.cpp">
      <Filter>engine</Filter>
    </ClCompile>
    <ClCompile Include="..\src\engine\kisslib\stb_rect_pack.cpp">
      <Filter>engine</Filter>
    </ClCompile>
    <ClCompile Include="..\src\engine\kisslib\stb_truetype.cpp">
      <Filter>engine</Filter>
    </ClCompile>
    <ClCompile Include="..\src\engine\kisslib\string.cpp">
      <Filter>engine</Filter>
    </ClCompile>
    <ClCompile Include="..\src\engine\kisslib\threadpool.cpp">
      <Filter>engine</Filter>
    </ClCompile>
    <ClCompile Include="..\src\engine\kisslib\timer.cpp">
      <Filter>engine</Filter>
    </ClCompile>
    <ClCompile Include="..\src\engine\glad\glad.c">
      <Filter>engine</Filter>
    </ClCompile>
    <ClCompile Include="..\src\engine\dear_imgui_custom\imgui_impl_glfw.cpp">
      <Filter>engine</Filter>
    </ClCompile>
    <ClCompile Include="..\src\engine\dear_imgui_custom\imgui_impl_opengl3.cpp">
      <Filter>engine</Filter>
    </ClCompile>
    <ClCompile Include="..\src\engine\dear_imgui\imgui.cpp">
      <Filter>engine</Filter>
    </ClCompile>
    <ClCompile Include="..\src\engine\dear_imgui\imgui_demo.cpp">
      <Filter>engine</Filter>
    </ClCompile>
    <ClCompile Include="..\src\engine\dear_imgui\imgui_draw.cpp">
      <Filter>engine</Filter>
    </ClCompile>
    <ClCompile Include="..\src\engine\dear_imgui\imgui_tables.cpp">
      <Filter>engine</Filter>
    </ClCompile>
    <ClCompile Include="..\src\engine\dear_imgui\imgui_widgets.cpp">
      <Filter>engine</Filter>
    </ClCompile>
    <ClCompile Include="..\src\engine\dbgdraw.cpp">
      <Filter>engine</Filter>
    </ClCompile>
    <ClCompile Include="..\src\engine\opengl_text.cpp">
      <Filter>engine</Filter>
    </ClCompile>
    <ClCompile Include="..\src\engine\tracy\TracyClient.cpp">
      <Filter>engine</Filter>
    </ClCompile>
  </ItemGroup>
  <ItemGroup>
    <Filter Include="engine">
      <UniqueIdentifier>{7af76505-7851-4a92-aa64-1b42bdcee51b}</UniqueIdentifier>
    </Filter>
    <Filter Include="opengl">
      <UniqueIdentifier>{1208bde6-aea8-47bb-8398-a8032a8af824}</UniqueIdentifier>
    </Filter>
    <Filter Include="shaders">
      <UniqueIdentifier>{0d98b327-4239-45f9-a848-26998f2e90ca}</UniqueIdentifier>
    </Filter>
  </ItemGroup>
  <ItemGroup>
    <ClInclude Include="..\src\game.hpp" />
    <ClInclude Include="..\src\opengl\renderer.hpp">
      <Filter>opengl</Filter>
    </ClInclude>
    <ClInclude Include="..\src\engine\dbgdraw.hpp">
      <Filter>engine</Filter>
    </ClInclude>
    <ClInclude Include="..\src\engine\camera.hpp">
      <Filter>engine</Filter>
    </ClInclude>
    <ClInclude Include="..\src\engine\common.hpp">
      <Filter>engine</Filter>
    </ClInclude>
    <ClInclude Include="..\src\engine\input.hpp">
      <Filter>engine</Filter>
    </ClInclude>
    <ClInclude Include="..\src\engine\input_buttons.hpp">
      <Filter>engine</Filter>
    </ClInclude>
    <ClInclude Include="..\src\engine\opengl.hpp">
      <Filter>engine</Filter>
    </ClInclude>
    <ClInclude Include="..\src\engine\opengl_text.hpp">
      <Filter>engine</Filter>
    </ClInclude>
    <ClInclude Include="..\src\engine\window.hpp">
      <Filter>engine</Filter>
    </ClInclude>
  </ItemGroup>
  <ItemGroup>
    <None Include="..\shaders\common.glsl">
      <Filter>shaders</Filter>
    </None>
    <None Include="..\shaders\dbg_lines.glsl">
      <Filter>shaders</Filter>
    </None>
    <None Include="..\shaders\dbg_tris.glsl">
      <Filter>shaders</Filter>
    </None>
    <None Include="..\shaders\ocean.glsl">
      <Filter>shaders</Filter>
    </None>
    <None Include="..\shaders\skybox.glsl">
      <Filter>shaders</Filter>
    </None>
    <None Include="..\shaders\terrain.glsl">
      <Filter>shaders</Filter>
    </None>
  </ItemGroup>
</Project>